{
  "name": "todo-list",
  "version": "1.0.0",
  "lockfileVersion": 1,
  "requires": true,
  "dependencies": {
    "assert-plus": {
      "version": "1.0.0",
      "resolved": "https://registry.npmjs.org/assert-plus/-/assert-plus-1.0.0.tgz",
      "integrity": "sha1-8S4PPF13sLHN2RRpQuTpbB5N1SU="
    },
    "restify-cors-middleware": {
      "version": "1.1.1",
      "resolved": "https://registry.npmjs.org/restify-cors-middleware/-/restify-cors-middleware-1.1.1.tgz",
      "integrity": "sha1-BmiFAvoIuMYngxA4RMh9z8MNzz4=",
      "requires": {
        "assert-plus": "^1.0.0"
      }
    }
  }
}
